
Microsoft Visual Studio Solution File, Format Version 12.00
# Visual Studio Version 17
VisualStudioVersion = 17.8.34309.116
MinimumVisualStudioVersion = 10.0.40219.1
Project("{9A19103F-16F7-4668-BE54-9A1E7A4F7556}") = "BackEndInfrastructure", "BackEndInfrsastructure\BackEndInfrastructure.csproj", "{B29AC63A-9878-465B-A0B3-F2C9080CB56E}"
EndProject
Project("{FAE04EC0-301F-11D3-BF4B-00C04F79EFBC}") = "WebApiExample", "WebApiExample\WebApiExample.csproj", "{6427D70A-D9C5-4B34-95D9-288429C8ECDD}"
EndProject
Global
	GlobalSection(SolutionConfigurationPlatforms) = preSolution
		Debug|Any CPU = Debug|Any CPU
		Release|Any CPU = Release|Any CPU
	EndGlobalSection
	GlobalSection(ProjectConfigurationPlatforms) = postSolution
		{B29AC63A-9878-465B-A0B3-F2C9080CB56E}.Debug|Any CPU.ActiveCfg = Debug|Any CPU
		{B29AC63A-9878-465B-A0B3-F2C9080CB56E}.Debug|Any CPU.Build.0 = Debug|Any CPU
		{B29AC63A-9878-465B-A0B3-F2C9080CB56E}.Release|Any CPU.ActiveCfg = Release|Any CPU
		{B29AC63A-9878-465B-A0B3-F2C9080CB56E}.Release|Any CPU.Build.0 = Release|Any CPU
		{6427D70A-D9C5-4B34-95D9-288429C8ECDD}.Debug|Any CPU.ActiveCfg = Debug|Any CPU
		{6427D70A-D9C5-4B34-95D9-288429C8ECDD}.Debug|Any CPU.Build.0 = Debug|Any CPU
		{6427D70A-D9C5-4B34-95D9-288429C8ECDD}.Release|Any CPU.ActiveCfg = Release|Any CPU
		{6427D70A-D9C5-4B34-95D9-288429C8ECDD}.Release|Any CPU.Build.0 = Release|Any CPU
	EndGlobalSection
	GlobalSection(SolutionProperties) = preSolution
		HideSolutionNode = FALSE
	EndGlobalSection
	GlobalSection(ExtensibilityGlobals) = postSolution
		SolutionGuid = {234C5F58-6195-49F4-BD4B-8CD2B7D195E7}
	EndGlobalSection
EndGlobal
