
Microsoft Visual Studio Solution File, Format Version 12.00
# Visual Studio Version 17
VisualStudioVersion = 17.8.34309.116
MinimumVisualStudioVersion = 10.0.40219.1
Project("{9A19103F-16F7-4668-BE54-9A1E7A4F7556}") = "BackEndInfrastructure", "BackEndInfrsastructure\BackEndInfrastructure.csproj", "{B29AC63A-9878-465B-A0B3-F2C9080CB56E}"
EndProject
Project("{9A19103F-16F7-4668-BE54-9A1E7A4F7556}") = "WebApiExample", "WebApiExample\WebApiExample.csproj", "{6427D70A-D9C5-4B34-95D9-288429C8ECDD}"
EndProject
Project("{FAE04EC0-301F-11D3-BF4B-00C04F79EFBC}") = "Migrations.SQL", "Migrations.SQL\Migrations.SQL.csproj", "{64C0F748-D58E-4DDE-810C-9DBAA16DA519}"
EndProject
Project("{FAE04EC0-301F-11D3-BF4B-00C04F79EFBC}") = "Migrations.Oracle", "Migrations.Oracle\Migrations.Oracle.csproj", "{6CDEC966-F846-4ECE-BA19-50300B2420EC}"
EndProject
Project("{FAE04EC0-301F-11D3-BF4B-00C04F79EFBC}") = "WebApiExample.DB", "WebApiExample.DB\WebApiExample.DB.csproj", "{E1415472-6420-415F-847D-F59A629265D8}"
EndProject
Project("{2150E333-8FDC-42A3-9474-1A3956D46DE8}") = "Solution Items", "Solution Items", "{A0304302-FE74-40F0-8508-54BB5823664B}"
	ProjectSection(SolutionItems) = preProject
		Aws-Task-Defination.json = Aws-Task-Defination.json
		.github\workflows\aws.yml = .github\workflows\aws.yml
		.github\workflows\codeql.yml = .github\workflows\codeql.yml
	EndProjectSection
EndProject
Global
	GlobalSection(SolutionConfigurationPlatforms) = preSolution
		Debug|Any CPU = Debug|Any CPU
		Release|Any CPU = Release|Any CPU
	EndGlobalSection
	GlobalSection(ProjectConfigurationPlatforms) = postSolution
		{B29AC63A-9878-465B-A0B3-F2C9080CB56E}.Debug|Any CPU.ActiveCfg = Debug|Any CPU
		{B29AC63A-9878-465B-A0B3-F2C9080CB56E}.Debug|Any CPU.Build.0 = Debug|Any CPU
		{B29AC63A-9878-465B-A0B3-F2C9080CB56E}.Release|Any CPU.ActiveCfg = Release|Any CPU
		{B29AC63A-9878-465B-A0B3-F2C9080CB56E}.Release|Any CPU.Build.0 = Release|Any CPU
		{6427D70A-D9C5-4B34-95D9-288429C8ECDD}.Debug|Any CPU.ActiveCfg = Debug|Any CPU
		{6427D70A-D9C5-4B34-95D9-288429C8ECDD}.Debug|Any CPU.Build.0 = Debug|Any CPU
		{6427D70A-D9C5-4B34-95D9-288429C8ECDD}.Release|Any CPU.ActiveCfg = Release|Any CPU
		{6427D70A-D9C5-4B34-95D9-288429C8ECDD}.Release|Any CPU.Build.0 = Release|Any CPU
		{64C0F748-D58E-4DDE-810C-9DBAA16DA519}.Debug|Any CPU.ActiveCfg = Debug|Any CPU
		{64C0F748-D58E-4DDE-810C-9DBAA16DA519}.Debug|Any CPU.Build.0 = Debug|Any CPU
		{64C0F748-D58E-4DDE-810C-9DBAA16DA519}.Release|Any CPU.ActiveCfg = Release|Any CPU
		{64C0F748-D58E-4DDE-810C-9DBAA16DA519}.Release|Any CPU.Build.0 = Release|Any CPU
		{6CDEC966-F846-4ECE-BA19-50300B2420EC}.Debug|Any CPU.ActiveCfg = Debug|Any CPU
		{6CDEC966-F846-4ECE-BA19-50300B2420EC}.Debug|Any CPU.Build.0 = Debug|Any CPU
		{6CDEC966-F846-4ECE-BA19-50300B2420EC}.Release|Any CPU.ActiveCfg = Release|Any CPU
		{6CDEC966-F846-4ECE-BA19-50300B2420EC}.Release|Any CPU.Build.0 = Release|Any CPU
		{E1415472-6420-415F-847D-F59A629265D8}.Debug|Any CPU.ActiveCfg = Debug|Any CPU
		{E1415472-6420-415F-847D-F59A629265D8}.Debug|Any CPU.Build.0 = Debug|Any CPU
		{E1415472-6420-415F-847D-F59A629265D8}.Release|Any CPU.ActiveCfg = Release|Any CPU
		{E1415472-6420-415F-847D-F59A629265D8}.Release|Any CPU.Build.0 = Release|Any CPU
	EndGlobalSection
	GlobalSection(SolutionProperties) = preSolution
		HideSolutionNode = FALSE
	EndGlobalSection
	GlobalSection(ExtensibilityGlobals) = postSolution
		SolutionGuid = {234C5F58-6195-49F4-BD4B-8CD2B7D195E7}
	EndGlobalSection
EndGlobal
